{
  "name": "npm-proj-1718634966466-0.8545559460800214h8g3Xg",
  "lockfileVersion": 2,
  "requires": true,
  "packages": {
    "": {
      "dependencies": {
        "caniuse-lite": "^1.0.30001623"
      }
    },
    "node_modules/caniuse-lite": {
      "version": "1.0.30001623",
      "resolved": "https://registry.npmjs.org/caniuse-lite/-/caniuse-lite-1.0.30001623.tgz",
      "integrity": "sha512-X/XhAVKlpIxWPpgRTnlgZssJrF0m6YtRA0QDWgsBNT12uZM6LPRydR7ip405Y3t1LamD8cP2TZFEDZFBf5ApcA==",
      "funding": [
        {
          "type": "opencollective",
          "url": "https://opencollective.com/browserslist"
        },
        {
          "type": "tidelift",
          "url": "https://tidelift.com/funding/github/npm/caniuse-lite"
        },
        {
          "type": "github",
          "url": "https://github.com/sponsors/ai"
        }
      ],
      "license": "CC-BY-4.0"
    }
  },
  "dependencies": {
    "caniuse-lite": {
      "version": "1.0.30001623",
      "resolved": "https://registry.npmjs.org/caniuse-lite/-/caniuse-lite-1.0.30001623.tgz",
      "integrity": "sha512-X/XhAVKlpIxWPpgRTnlgZssJrF0m6YtRA0QDWgsBNT12uZM6LPRydR7ip405Y3t1LamD8cP2TZFEDZFBf5ApcA=="
    }
  }
}
