{
  "name": "npm-proj-1711411856886-0.0342009870193518143825mg",
  "lockfileVersion": 2,
  "requires": true,
  "packages": {
    "": {
      "dependencies": {
        "caniuse-lite": "^1.0.30001593"
      }
    },
    "node_modules/caniuse-lite": {
      "version": "1.0.30001593",
      "resolved": "https://registry.npmjs.org/caniuse-lite/-/caniuse-lite-1.0.30001593.tgz",
      "integrity": "sha512-UWM1zlo3cZfkpBysd7AS+z+v007q9G1+fLTUU42rQnY6t2axoogPW/xol6T7juU5EUoOhML4WgBIdG+9yYqAjQ==",
      "funding": [
        {
          "type": "opencollective",
          "url": "https://opencollective.com/browserslist"
        },
        {
          "type": "tidelift",
          "url": "https://tidelift.com/funding/github/npm/caniuse-lite"
        },
        {
          "type": "github",
          "url": "https://github.com/sponsors/ai"
        }
      ]
    }
  },
  "dependencies": {
    "caniuse-lite": {
      "version": "1.0.30001593",
      "resolved": "https://registry.npmjs.org/caniuse-lite/-/caniuse-lite-1.0.30001593.tgz",
      "integrity": "sha512-UWM1zlo3cZfkpBysd7AS+z+v007q9G1+fLTUU42rQnY6t2axoogPW/xol6T7juU5EUoOhML4WgBIdG+9yYqAjQ=="
    }
  }
}
